
Microsoft Visual Studio Solution File, Format Version 12.00
# Visual Studio Version 17
VisualStudioVersion = 17.4.33103.184
MinimumVisualStudioVersion = 10.0.40219.1
Project("{FAE04EC0-301F-11D3-BF4B-00C04F79EFBC}") = "Proxy_FlyWeight", "Proxy_FlyWeight\Proxy_FlyWeight.csproj", "{8833C12C-E06E-4E49-ACAE-C475138C931A}"
EndProject
Global
	GlobalSection(SolutionConfigurationPlatforms) = preSolution
		Debug|Any CPU = Debug|Any CPU
		Release|Any CPU = Release|Any CPU
	EndGlobalSection
	GlobalSection(ProjectConfigurationPlatforms) = postSolution
		{8833C12C-E06E-4E49-ACAE-C475138C931A}.Debug|Any CPU.ActiveCfg = Debug|Any CPU
		{8833C12C-E06E-4E49-ACAE-C475138C931A}.Debug|Any CPU.Build.0 = Debug|Any CPU
		{8833C12C-E06E-4E49-ACAE-C475138C931A}.Release|Any CPU.ActiveCfg = Release|Any CPU
		{8833C12C-E06E-4E49-ACAE-C475138C931A}.Release|Any CPU.Build.0 = Release|Any CPU
	EndGlobalSection
	GlobalSection(SolutionProperties) = preSolution
		HideSolutionNode = FALSE
	EndGlobalSection
	GlobalSection(ExtensibilityGlobals) = postSolution
		SolutionGuid = {CFCB9165-F0BC-475B-A117-1989D882D9DF}
	EndGlobalSection
EndGlobal
